[[package]]
name = "inquirerpy"
version = "0.3.4"
description = "Python port of Inquirer.js (A collection of common interactive command-line user interfaces)"
category = "main"
optional = false
python-versions = ">=3.7,<4.0"

[package.dependencies]
pfzy = ">=0.3.1,<0.4.0"
prompt-toolkit = ">=3.0.1,<4.0.0"

[package.extras]
docs = ["Sphinx (>=4.1.2,<5.0.0)", "furo (>=2021.8.17-beta.43,<2022.0.0)", "sphinx-copybutton (>=0.4.0,<0.5.0)", "sphinx-autobuild (>=2021.3.14,<2022.0.0)", "myst-parser (>=0.15.1,<0.16.0)"]

[[package]]
name = "mutagen"
version = "1.47.0"
description = "read and write audio tags for many formats"
category = "main"
optional = false
python-versions = ">=3.7"

[[package]]
name = "pfzy"
version = "0.3.4"
description = "Python port of the fzy fuzzy string matching algorithm"
category = "main"
optional = false
python-versions = ">=3.7,<4.0"

[package.extras]
docs = ["Sphinx (>=4.1.2,<5.0.0)", "furo (>=2021.8.17-beta.43,<2022.0.0)", "myst-parser (>=0.15.1,<0.16.0)", "sphinx-autobuild (>=2021.3.14,<2022.0.0)", "sphinx-copybutton (>=0.4.0,<0.5.0)"]

[[package]]
name = "prompt-toolkit"
version = "3.0.50"
description = "Library for building powerful interactive command lines in Python"
category = "main"
optional = false
python-versions = ">=3.8.0"

[package.dependencies]
wcwidth = "*"

[[package]]
name = "wcwidth"
version = "0.2.13"
description = "Measures the displayed width of unicode strings in a terminal"
category = "main"
optional = false
python-versions = "*"

[metadata]
lock-version = "1.1"
python-versions = "^3.10"
content-hash = "ec6628a2f68f662ce69d902a5871333aa3a089718fa8ad88c2fa5530ffd102d4"

[metadata.files]
inquirerpy = []
mutagen = []
pfzy = []
prompt-toolkit = []
wcwidth = []
